
Microsoft Visual Studio Solution File, Format Version 12.00
# Visual Studio 15
VisualStudioVersion = 15.0.26124.0
MinimumVisualStudioVersion = 15.0.26124.0
Project("{2150E333-8FDC-42A3-9474-1A3956D46DE8}") = "Src", "Src", "{2AE32791-C7C5-4741-8FD1-33161DA6FA2D}"
EndProject
Project("{FAE04EC0-301F-11D3-BF4B-00C04F79EFBC}") = "Web", "Web\Web.csproj", "{69F7B6C9-BCC3-4CAC-856B-5CE07DE117E5}"
EndProject
Global
	GlobalSection(SolutionConfigurationPlatforms) = preSolution
		Debug|Any CPU = Debug|Any CPU
		Debug|x64 = Debug|x64
		Debug|x86 = Debug|x86
		Release|Any CPU = Release|Any CPU
		Release|x64 = Release|x64
		Release|x86 = Release|x86
	EndGlobalSection
	GlobalSection(ProjectConfigurationPlatforms) = postSolution
		{69F7B6C9-BCC3-4CAC-856B-5CE07DE117E5}.Debug|Any CPU.ActiveCfg = Debug|Any CPU
		{69F7B6C9-BCC3-4CAC-856B-5CE07DE117E5}.Debug|Any CPU.Build.0 = Debug|Any CPU
		{69F7B6C9-BCC3-4CAC-856B-5CE07DE117E5}.Debug|x64.ActiveCfg = Debug|Any CPU
		{69F7B6C9-BCC3-4CAC-856B-5CE07DE117E5}.Debug|x64.Build.0 = Debug|Any CPU
		{69F7B6C9-BCC3-4CAC-856B-5CE07DE117E5}.Debug|x86.ActiveCfg = Debug|Any CPU
		{69F7B6C9-BCC3-4CAC-856B-5CE07DE117E5}.Debug|x86.Build.0 = Debug|Any CPU
		{69F7B6C9-BCC3-4CAC-856B-5CE07DE117E5}.Release|Any CPU.ActiveCfg = Release|Any CPU
		{69F7B6C9-BCC3-4CAC-856B-5CE07DE117E5}.Release|Any CPU.Build.0 = Release|Any CPU
		{69F7B6C9-BCC3-4CAC-856B-5CE07DE117E5}.Release|x64.ActiveCfg = Release|Any CPU
		{69F7B6C9-BCC3-4CAC-856B-5CE07DE117E5}.Release|x64.Build.0 = Release|Any CPU
		{69F7B6C9-BCC3-4CAC-856B-5CE07DE117E5}.Release|x86.ActiveCfg = Release|Any CPU
		{69F7B6C9-BCC3-4CAC-856B-5CE07DE117E5}.Release|x86.Build.0 = Release|Any CPU
	EndGlobalSection
	GlobalSection(SolutionProperties) = preSolution
		HideSolutionNode = FALSE
	EndGlobalSection
	GlobalSection(NestedProjects) = preSolution
		{69F7B6C9-BCC3-4CAC-856B-5CE07DE117E5} = {2AE32791-C7C5-4741-8FD1-33161DA6FA2D}
	EndGlobalSection
	GlobalSection(ExtensibilityGlobals) = postSolution
		SolutionGuid = {78C6C592-0C47-4D73-9D53-826C750A6782}
	EndGlobalSection
EndGlobal
