
Microsoft Visual Studio Solution File, Format Version 12.00
# Visual Studio 15
VisualStudioVersion = 15.0.26124.0
MinimumVisualStudioVersion = 15.0.26124.0
Project("{2150E333-8FDC-42A3-9474-1A3956D46DE8}") = "Src", "Src", "{2AE32791-C7C5-4741-8FD1-33161DA6FA2D}"
EndProject
Project("{9A19103F-16F7-4668-BE54-9A1E7A4F7556}") = "Web", "Src\Web\Web.csproj", "{AFFC64CE-4C53-421F-AA1C-CAD2A71AF173}"
EndProject
Global
	GlobalSection(SolutionConfigurationPlatforms) = preSolution
		Debug|Any CPU = Debug|Any CPU
		Release|Any CPU = Release|Any CPU
	EndGlobalSection
	GlobalSection(ProjectConfigurationPlatforms) = postSolution
		{AFFC64CE-4C53-421F-AA1C-CAD2A71AF173}.Debug|Any CPU.ActiveCfg = Debug|Any CPU
		{AFFC64CE-4C53-421F-AA1C-CAD2A71AF173}.Debug|Any CPU.Build.0 = Debug|Any CPU
		{AFFC64CE-4C53-421F-AA1C-CAD2A71AF173}.Release|Any CPU.ActiveCfg = Release|Any CPU
		{AFFC64CE-4C53-421F-AA1C-CAD2A71AF173}.Release|Any CPU.Build.0 = Release|Any CPU
	EndGlobalSection
	GlobalSection(SolutionProperties) = preSolution
		HideSolutionNode = FALSE
	EndGlobalSection
	GlobalSection(NestedProjects) = preSolution
		{AFFC64CE-4C53-421F-AA1C-CAD2A71AF173} = {2AE32791-C7C5-4741-8FD1-33161DA6FA2D}
	EndGlobalSection
	GlobalSection(ExtensibilityGlobals) = postSolution
		SolutionGuid = {78C6C592-0C47-4D73-9D53-826C750A6782}
	EndGlobalSection
EndGlobal
