
Microsoft Visual Studio Solution File, Format Version 12.00
# Visual Studio 15
VisualStudioVersion = 15.0.26124.0
MinimumVisualStudioVersion = 15.0.26124.0
Project("{2150E333-8FDC-42A3-9474-1A3956D46DE8}") = "src", "src", "{16AF8773-B9AD-46C8-9BBE-B445BC4BDD7B}"
EndProject
Project("{FAE04EC0-301F-11D3-BF4B-00C04F79EFBC}") = "Web", "Src\Web\Web.csproj", "{3713562A-35CF-4B63-858E-B9D079D521CA}"
EndProject
Global
	GlobalSection(SolutionConfigurationPlatforms) = preSolution
		Debug|Any CPU = Debug|Any CPU
		Debug|x64 = Debug|x64
		Debug|x86 = Debug|x86
		Release|Any CPU = Release|Any CPU
		Release|x64 = Release|x64
		Release|x86 = Release|x86
	EndGlobalSection
	GlobalSection(ProjectConfigurationPlatforms) = postSolution
		{3713562A-35CF-4B63-858E-B9D079D521CA}.Debug|Any CPU.ActiveCfg = Debug|Any CPU
		{3713562A-35CF-4B63-858E-B9D079D521CA}.Debug|Any CPU.Build.0 = Debug|Any CPU
		{3713562A-35CF-4B63-858E-B9D079D521CA}.Debug|x64.ActiveCfg = Debug|Any CPU
		{3713562A-35CF-4B63-858E-B9D079D521CA}.Debug|x64.Build.0 = Debug|Any CPU
		{3713562A-35CF-4B63-858E-B9D079D521CA}.Debug|x86.ActiveCfg = Debug|Any CPU
		{3713562A-35CF-4B63-858E-B9D079D521CA}.Debug|x86.Build.0 = Debug|Any CPU
		{3713562A-35CF-4B63-858E-B9D079D521CA}.Release|Any CPU.ActiveCfg = Release|Any CPU
		{3713562A-35CF-4B63-858E-B9D079D521CA}.Release|Any CPU.Build.0 = Release|Any CPU
		{3713562A-35CF-4B63-858E-B9D079D521CA}.Release|x64.ActiveCfg = Release|Any CPU
		{3713562A-35CF-4B63-858E-B9D079D521CA}.Release|x64.Build.0 = Release|Any CPU
		{3713562A-35CF-4B63-858E-B9D079D521CA}.Release|x86.ActiveCfg = Release|Any CPU
		{3713562A-35CF-4B63-858E-B9D079D521CA}.Release|x86.Build.0 = Release|Any CPU
	EndGlobalSection
	GlobalSection(SolutionProperties) = preSolution
		HideSolutionNode = FALSE
	EndGlobalSection
	GlobalSection(NestedProjects) = preSolution
		{3713562A-35CF-4B63-858E-B9D079D521CA} = {16AF8773-B9AD-46C8-9BBE-B445BC4BDD7B}
	EndGlobalSection
	GlobalSection(ExtensibilityGlobals) = postSolution
		SolutionGuid = {E206FBC7-4159-4DF2-939C-89927980DF67}
	EndGlobalSection
EndGlobal
